// !$*UTF8*$!
{
	archiveVersion = 1;
	classes = {
	};
	objectVersion = 51;
	objects = {

/* Begin PBXBuildFile section */
		D890F29523EF644D00C3A639 /* AppDelegate.swift in Sources */ = {isa = PBXBuildFile; fileRef = D890F29423EF644D00C3A639 /* AppDelegate.swift */; };
		D890F29723EF644D00C3A639 /* SceneDelegate.swift in Sources */ = {isa = PBXBuildFile; fileRef = D890F29623EF644D00C3A639 /* SceneDelegate.swift */; };
		D890F29923EF644D00C3A639 /* ViewController.swift in Sources */ = {isa = PBXBuildFile; fileRef = D890F29823EF644D00C3A639 /* ViewController.swift */; };
		D890F29C23EF644D00C3A639 /* Main.storyboard in Resources */ = {isa = PBXBuildFile; fileRef = D890F29A23EF644D00C3A639 /* Main.storyboard */; };
		D890F29E23EF644E00C3A639 /* Assets.xcassets in Resources */ = {isa = PBXBuildFile; fileRef = D890F29D23EF644E00C3A639 /* Assets.xcassets */; };
		D890F2A123EF644E00C3A639 /* LaunchScreen.storyboard in Resources */ = {isa = PBXBuildFile; fileRef = D890F29F23EF644E00C3A639 /* LaunchScreen.storyboard */; };
/* End PBXBuildFile section */

/* Begin PBXFileReference section */
		D890F29123EF644D00C3A639 /* BinaryFrameworkTemplate.app */ = {isa = PBXFileReference; explicitFileType = wrapper.application; includeInIndex = 0; path = BinaryFrameworkTemplate.app; sourceTree = BUILT_PRODUCTS_DIR; };
		D890F29423EF644D00C3A639 /* AppDelegate.swift */ = {isa = PBXFileReference; lastKnownFileType = sourcecode.swift; path = AppDelegate.swift; sourceTree = "<group>"; };
		D890F29623EF644D00C3A639 /* SceneDelegate.swift */ = {isa = PBXFileReference; lastKnownFileType = sourcecode.swift; path = SceneDelegate.swift; sourceTree = "<group>"; };
		D890F29823EF644D00C3A639 /* ViewController.swift */ = {isa = PBXFileReference; lastKnownFileType = sourcecode.swift; path = ViewController.swift; sourceTree = "<group>"; };
		D890F29B23EF644D00C3A639 /* Base */ = {isa = PBXFileReference; lastKnownFileType = file.storyboard; name = Base; path = Base.lproj/Main.storyboard; sourceTree = "<group>"; };
		D890F29D23EF644E00C3A639 /* Assets.xcassets */ = {isa = PBXFileReference; lastKnownFileType = folder.assetcatalog; path = Assets.xcassets; sourceTree = "<group>"; };
		D890F2A023EF644E00C3A639 /* Base */ = {isa = PBXFileReference; lastKnownFileType = file.storyboard; name = Base; path = Base.lproj/LaunchScreen.storyboard; sourceTree = "<group>"; };
		D890F2A223EF644E00C3A639 /* Info.plist */ = {isa = PBXFileReference; lastKnownFileType = text.plist.xml; path = Info.plist; sourceTree = "<group>"; };
/* End PBXFileReference section */

/* Begin PBXFrameworksBuildPhase section */
		D890F28E23EF644D00C3A639 /* Frameworks */ = {
			isa = PBXFrameworksBuildPhase;
			buildActionMask = 2147483647;
			files = (
			);
			runOnlyForDeploymentPostprocessing = 0;
		};
/* End PBXFrameworksBuildPhase section */

/* Begin PBXGroup section */
		78307856B5B256AB9E2265A8 /* Pods */ = {
			isa = PBXGroup;
			children = (
			);
			path = Pods;
			sourceTree = "<group>";
		};
		D890F28823EF644D00C3A639 = {
			isa = PBXGroup;
			children = (
				D890F29323EF644D00C3A639 /* BinaryFrameworkTemplate */,
				D890F29223EF644D00C3A639 /* Products */,
				78307856B5B256AB9E2265A8 /* Pods */,
			);
			sourceTree = "<group>";
		};
		D890F29223EF644D00C3A639 /* Products */ = {
			isa = PBXGroup;
			children = (
				D890F29123EF644D00C3A639 /* BinaryFrameworkTemplate.app */,
			);
			name = Products;
			sourceTree = "<group>";
		};
		D890F29323EF644D00C3A639 /* BinaryFrameworkTemplate */ = {
			isa = PBXGroup;
			children = (
				D890F29423EF644D00C3A639 /* AppDelegate.swift */,
				D890F29623EF644D00C3A639 /* SceneDelegate.swift */,
				D890F29823EF644D00C3A639 /* ViewController.swift */,
				D890F29A23EF644D00C3A639 /* Main.storyboard */,
				D890F29D23EF644E00C3A639 /* Assets.xcassets */,
				D890F29F23EF644E00C3A639 /* LaunchScreen.storyboard */,
				D890F2A223EF644E00C3A639 /* Info.plist */,
			);
			path = BinaryFrameworkTemplate;
			sourceTree = "<group>";
		};
/* End PBXGroup section */

/* Begin PBXNativeTarget section */
		D890F29023EF644D00C3A639 /* BinaryFrameworkTemplate */ = {
			isa = PBXNativeTarget;
			buildConfigurationList = D890F2A523EF644E00C3A639 /* Build configuration list for PBXNativeTarget "BinaryFrameworkTemplate" */;
			buildPhases = (
				D890F28D23EF644D00C3A639 /* Sources */,
				D890F28E23EF644D00C3A639 /* Frameworks */,
				D890F28F23EF644D00C3A639 /* Resources */,
			);
			buildRules = (
			);
			dependencies = (
			);
			name = BinaryFrameworkTemplate;
			productName = BinaryFrameworkTemplate;
			productReference = D890F29123EF644D00C3A639 /* BinaryFrameworkTemplate.app */;
			productType = "com.apple.product-type.application";
		};
/* End PBXNativeTarget section */

/* Begin PBXProject section */
		D890F28923EF644D00C3A639 /* Project object */ = {
			isa = PBXProject;
			attributes = {
				LastSwiftUpdateCheck = 1100;
				LastUpgradeCheck = 1100;
				ORGANIZATIONNAME = Kurrentap;
				TargetAttributes = {
					D890F29023EF644D00C3A639 = {
						CreatedOnToolsVersion = 11.0;
					};
				};
			};
			buildConfigurationList = D890F28C23EF644D00C3A639 /* Build configuration list for PBXProject "BinaryFrameworkTemplate" */;
			compatibilityVersion = "Xcode 9.3";
			developmentRegion = en;
			hasScannedForEncodings = 0;
			knownRegions = (
				en,
				Base,
			);
			mainGroup = D890F28823EF644D00C3A639;
			productRefGroup = D890F29223EF644D00C3A639 /* Products */;
			projectDirPath = "";
			projectRoot = "";
			targets = (
				D890F29023EF644D00C3A639 /* BinaryFrameworkTemplate */,
			);
		};
/* End PBXProject section */

/* Begin PBXResourcesBuildPhase section */
		D890F28F23EF644D00C3A639 /* Resources */ = {
			isa = PBXResourcesBuildPhase;
			buildActionMask = 2147483647;
			files = (
				D890F2A123EF644E00C3A639 /* LaunchScreen.storyboard in Resources */,
				D890F29E23EF644E00C3A639 /* Assets.xcassets in Resources */,
				D890F29C23EF644D00C3A639 /* Main.storyboard in Resources */,
			);
			runOnlyForDeploymentPostprocessing = 0;
		};
/* End PBXResourcesBuildPhase section */

/* Begin PBXSourcesBuildPhase section */
		D890F28D23EF644D00C3A639 /* Sources */ = {
			isa = PBXSourcesBuildPhase;
			buildActionMask = 2147483647;
			files = (
				D890F29923EF644D00C3A639 /* ViewController.swift in Sources */,
				D890F29523EF644D00C3A639 /* AppDelegate.swift in Sources */,
				D890F29723EF644D00C3A639 /* SceneDelegate.swift in Sources */,
			);
			runOnlyForDeploymentPostprocessing = 0;
		};
/* End PBXSourcesBuildPhase section */

/* Begin PBXVariantGroup section */
		D890F29A23EF644D00C3A639 /* Main.storyboard */ = {
			isa = PBXVariantGroup;
			children = (
				D890F29B23EF644D00C3A639 /* Base */,
			);
			name = Main.storyboard;
			sourceTree = "<group>";
		};
		D890F29F23EF644E00C3A639 /* LaunchScreen.storyboard */ = {
			isa = PBXVariantGroup;
			children = (
				D890F2A023EF644E00C3A639 /* Base */,
			);
			name = LaunchScreen.storyboard;
			sourceTree = "<group>";
		};
/* End PBXVariantGroup section */

/* Begin XCBuildConfiguration section */
		D890F2A323EF644E00C3A639 /* Debug */ = {
			isa = XCBuildConfiguration;
			buildSettings = {
				ALWAYS_SEARCH_USER_PATHS = NO;
				CLANG_ANALYZER_NONNULL = YES;
				CLANG_ANALYZER_NUMBER_OBJECT_CONVERSION = YES_AGGRESSIVE;
				CLANG_CXX_LANGUAGE_STANDARD = "gnu++14";
				CLANG_CXX_LIBRARY = "libc++";
				CLANG_ENABLE_MODULES = YES;
				CLANG_ENABLE_OBJC_ARC = YES;
				CLANG_ENABLE_OBJC_WEAK = YES;
				CLANG_WARN_BLOCK_CAPTURE_AUTORELEASING = YES;
				CLANG_WARN_BOOL_CONVERSION = YES;
				CLANG_WARN_COMMA = YES;
				CLANG_WARN_CONSTANT_CONVERSION = YES;
				CLANG_WARN_DEPRECATED_OBJC_IMPLEMENTATIONS = YES;
				CLANG_WARN_DIRECT_OBJC_ISA_USAGE = YES_ERROR;
				CLANG_WARN_DOCUMENTATION_COMMENTS = YES;
				CLANG_WARN_EMPTY_BODY = YES;
				CLANG_WARN_ENUM_CONVERSION = YES;
				CLANG_WARN_INFINITE_RECURSION = YES;
				CLANG_WARN_INT_CONVERSION = YES;
				CLANG_WARN_NON_LITERAL_NULL_CONVERSION = YES;
				CLANG_WARN_OBJC_IMPLICIT_RETAIN_SELF = YES;
				CLANG_WARN_OBJC_LITERAL_CONVERSION = YES;
				CLANG_WARN_OBJC_ROOT_CLASS = YES_ERROR;
				CLANG_WARN_RANGE_LOOP_ANALYSIS = YES;
				CLANG_WARN_STRICT_PROTOTYPES = YES;
				CLANG_WARN_SUSPICIOUS_MOVE = YES;
				CLANG_WARN_UNGUARDED_AVAILABILITY = YES_AGGRESSIVE;
				CLANG_WARN_UNREACHABLE_CODE = YES;
				CLANG_WARN__DUPLICATE_METHOD_MATCH = YES;
				COPY_PHASE_STRIP = NO;
				DEBUG_INFORMATION_FORMAT = dwarf;
				ENABLE_STRICT_OBJC_MSGSEND = YES;
				ENABLE_TESTABILITY = YES;
				GCC_C_LANGUAGE_STANDARD = gnu11;
				GCC_DYNAMIC_NO_PIC = NO;
				GCC_NO_COMMON_BLOCKS = YES;
				GCC_OPTIMIZATION_LEVEL = 0;
				GCC_PREPROCESSOR_DEFINITIONS = (
					"DEBUG=1",
					"$(inherited)",
				);
				GCC_WARN_64_TO_32_BIT_CONVERSION = YES;
				GCC_WARN_ABOUT_RETURN_TYPE = YES_ERROR;
				GCC_WARN_UNDECLARED_SELECTOR = YES;
				GCC_WARN_UNINITIALIZED_AUTOS = YES_AGGRESSIVE;
				GCC_WARN_UNUSED_FUNCTION = YES;
				GCC_WARN_UNUSED_VARIABLE = YES;
				IPHONEOS_DEPLOYMENT_TARGET = 13.0;
				MTL_ENABLE_DEBUG_INFO = INCLUDE_SOURCE;
				MTL_FAST_MATH = YES;
				ONLY_ACTIVE_ARCH = YES;
				SDKROOT = iphoneos;
				SWIFT_ACTIVE_COMPILATION_CONDITIONS = DEBUG;
				SWIFT_OPTIMIZATION_LEVEL = "-Onone";
				SWIFT_VERSION = 5.0;
			};
			name = Debug;
		};
		D890F2A423EF644E00C3A639 /* Release */ = {
			isa = XCBuildConfiguration;
			buildSettings = {
				ALWAYS_SEARCH_USER_PATHS = NO;
				CLANG_ANALYZER_NONNULL = YES;
				CLANG_ANALYZER_NUMBER_OBJECT_CONVERSION = YES_AGGRESSIVE;
				CLANG_CXX_LANGUAGE_STANDARD = "gnu++14";
				CLANG_CXX_LIBRARY = "libc++";
				CLANG_ENABLE_MODULES = YES;
				CLANG_ENABLE_OBJC_ARC = YES;
				CLANG_ENABLE_OBJC_WEAK = YES;
				CLANG_WARN_BLOCK_CAPTURE_AUTORELEASING = YES;
				CLANG_WARN_BOOL_CONVERSION = YES;
				CLANG_WARN_COMMA = YES;
				CLANG_WARN_CONSTANT_CONVERSION = YES;
				CLANG_WARN_DEPRECATED_OBJC_IMPLEMENTATIONS = YES;
				CLANG_WARN_DIRECT_OBJC_ISA_USAGE = YES_ERROR;
				CLANG_WARN_DOCUMENTATION_COMMENTS = YES;
				CLANG_WARN_EMPTY_BODY = YES;
				CLANG_WARN_ENUM_CONVERSION = YES;
				CLANG_WARN_INFINITE_RECURSION = YES;
				CLANG_WARN_INT_CONVERSION = YES;
				CLANG_WARN_NON_LITERAL_NULL_CONVERSION = YES;
				CLANG_WARN_OBJC_IMPLICIT_RETAIN_SELF = YES;
				CLANG_WARN_OBJC_LITERAL_CONVERSION = YES;
				CLANG_WARN_OBJC_ROOT_CLASS = YES_ERROR;
				CLANG_WARN_RANGE_LOOP_ANALYSIS = YES;
				CLANG_WARN_STRICT_PROTOTYPES = YES;
				CLANG_WARN_SUSPICIOUS_MOVE = YES;
				CLANG_WARN_UNGUARDED_AVAILABILITY = YES_AGGRESSIVE;
				CLANG_WARN_UNREACHABLE_CODE = YES;
				CLANG_WARN__DUPLICATE_METHOD_MATCH = YES;
				COPY_PHASE_STRIP = NO;
				DEBUG_INFORMATION_FORMAT = "dwarf-with-dsym";
				ENABLE_NS_ASSERTIONS = NO;
				ENABLE_STRICT_OBJC_MSGSEND = YES;
				GCC_C_LANGUAGE_STANDARD = gnu11;
				GCC_NO_COMMON_BLOCKS = YES;
				GCC_WARN_64_TO_32_BIT_CONVERSION = YES;
				GCC_WARN_ABOUT_RETURN_TYPE = YES_ERROR;
				GCC_WARN_UNDECLARED_SELECTOR = YES;
				GCC_WARN_UNINITIALIZED_AUTOS = YES_AGGRESSIVE;
				GCC_WARN_UNUSED_FUNCTION = YES;
				GCC_WARN_UNUSED_VARIABLE = YES;
				IPHONEOS_DEPLOYMENT_TARGET = 13.0;
				MTL_ENABLE_DEBUG_INFO = NO;
				MTL_FAST_MATH = YES;
				SDKROOT = iphoneos;
				SWIFT_COMPILATION_MODE = wholemodule;
				SWIFT_OPTIMIZATION_LEVEL = "-O";
				SWIFT_VERSION = 5.0;
				VALIDATE_PRODUCT = YES;
			};
			name = Release;
		};
		D890F2A623EF644E00C3A639 /* Debug */ = {
			isa = XCBuildConfiguration;
			buildSettings = {
				ASSETCATALOG_COMPILER_APPICON_NAME = AppIcon;
				CODE_SIGN_STYLE = Automatic;
				DEVELOPMENT_TEAM = 3EEZTZLJLB;
				INFOPLIST_FILE = BinaryFrameworkTemplate/Info.plist;
				IPHONEOS_DEPLOYMENT_TARGET = 13.0;
				LD_RUNPATH_SEARCH_PATHS = (
					"$(inherited)",
					"@executable_path/Frameworks",
				);
				PRODUCT_BUNDLE_IDENTIFIER = com.kurrentap.BinaryFrameworkTemplate;
				PRODUCT_NAME = "$(TARGET_NAME)";
				SWIFT_VERSION = 5.0;
				TARGETED_DEVICE_FAMILY = "1,2";
			};
			name = Debug;
		};
		D890F2A723EF644E00C3A639 /* Release */ = {
			isa = XCBuildConfiguration;
			buildSettings = {
				ASSETCATALOG_COMPILER_APPICON_NAME = AppIcon;
				CODE_SIGN_STYLE = Automatic;
				DEVELOPMENT_TEAM = 3EEZTZLJLB;
				INFOPLIST_FILE = BinaryFrameworkTemplate/Info.plist;
				IPHONEOS_DEPLOYMENT_TARGET = 13.0;
				LD_RUNPATH_SEARCH_PATHS = (
					"$(inherited)",
					"@executable_path/Frameworks",
				);
				PRODUCT_BUNDLE_IDENTIFIER = com.kurrentap.BinaryFrameworkTemplate;
				PRODUCT_NAME = "$(TARGET_NAME)";
				SWIFT_VERSION = 5.0;
				TARGETED_DEVICE_FAMILY = "1,2";
			};
			name = Release;
		};
/* End XCBuildConfiguration section */

/* Begin XCConfigurationList section */
		D890F28C23EF644D00C3A639 /* Build configuration list for PBXProject "BinaryFrameworkTemplate" */ = {
			isa = XCConfigurationList;
			buildConfigurations = (
				D890F2A323EF644E00C3A639 /* Debug */,
				D890F2A423EF644E00C3A639 /* Release */,
			);
			defaultConfigurationIsVisible = 0;
			defaultConfigurationName = Release;
		};
		D890F2A523EF644E00C3A639 /* Build configuration list for PBXNativeTarget "BinaryFrameworkTemplate" */ = {
			isa = XCConfigurationList;
			buildConfigurations = (
				D890F2A623EF644E00C3A639 /* Debug */,
				D890F2A723EF644E00C3A639 /* Release */,
			);
			defaultConfigurationIsVisible = 0;
			defaultConfigurationName = Release;
		};
/* End XCConfigurationList section */
	};
	rootObject = D890F28923EF644D00C3A639 /* Project object */;
}
